PODS:
  - Alamofire (4.6.0)
  - Kingfisher (4.6.1)
  - SnapKit (4.0.0)

DEPENDENCIES:
  - Alamofire (~> 4.5)
  - Kingfisher (~> 4.0)
  - SnapKit (~> 4.0)

SPEC CHECKSUMS:
  Alamofire: f41a599bd63041760b26d393ec1069d9d7b917f4
  Kingfisher: 1f9157d9c02b380cbd0b7cc890161195164eb634
  SnapKit: a42d492c16e80209130a3379f73596c3454b7694

PODFILE CHECKSUM: 6f800bf967a54d2d45a9ab2abf965eec44b8c2fb

COCOAPODS: 1.4.0
