// !$*UTF8*$!
{
	archiveVersion = 1;
	classes = {
	};
	objectVersion = 48;
	objects = {

/* Begin PBXBuildFile section */
		1D8D907B00EF16E375F584E5 /* Pods_DiscoverVenue.framework in Frameworks */ = {isa = PBXBuildFile; fileRef = 6420E9CFE56D0AC44E0D8D1A /* Pods_DiscoverVenue.framework */; };
		DB2D23512018EAAE0069BEDE /* UserDefaultsHelper.swift in Sources */ = {isa = PBXBuildFile; fileRef = DB2D234F2018EA900069BEDE /* UserDefaultsHelper.swift */; };
		DB695DD8201928A60070F670 /* FileManagerHelper.swift in Sources */ = {isa = PBXBuildFile; fileRef = DB695DD7201928A60070F670 /* FileManagerHelper.swift */; };
		DB695DDA201928B20070F670 /* VenuesCollections.swift in Sources */ = {isa = PBXBuildFile; fileRef = DB695DD9201928B20070F670 /* VenuesCollections.swift */; };
		DB695DDC201929060070F670 /* LaunchScreen.swift in Sources */ = {isa = PBXBuildFile; fileRef = DB695DDB201929060070F670 /* LaunchScreen.swift */; };
		DB9FFD5B2013F7BC00769FCA /* CollectionsCustomCollectionViewCell.swift in Sources */ = {isa = PBXBuildFile; fileRef = DB9FFD5A2013F7BC00769FCA /* CollectionsCustomCollectionViewCell.swift */; };
		DBBDD47A201690E900A8C886 /* ModalSavedVenuesView.swift in Sources */ = {isa = PBXBuildFile; fileRef = DBBDD479201690E900A8C886 /* ModalSavedVenuesView.swift */; };
		DBF5BAB7201A673200710086 /* NSCacheHelper.swift in Sources */ = {isa = PBXBuildFile; fileRef = DBF5BAB6201A673100710086 /* NSCacheHelper.swift */; };
		E209E8272012DA2E00A1372C /* NetworkHelper.swift in Sources */ = {isa = PBXBuildFile; fileRef = E209E8262012DA2E00A1372C /* NetworkHelper.swift */; };
		E209E8292012DA3A00A1372C /* VenueAPIClient.swift in Sources */ = {isa = PBXBuildFile; fileRef = E209E8282012DA3A00A1372C /* VenueAPIClient.swift */; };
		E209E82D2012DA7700A1372C /* Venue.swift in Sources */ = {isa = PBXBuildFile; fileRef = E209E82C2012DA7700A1372C /* Venue.swift */; };
		E209E8302012DAB600A1372C /* AddCollectionViewController.swift in Sources */ = {isa = PBXBuildFile; fileRef = E209E82F2012DAB600A1372C /* AddCollectionViewController.swift */; };
		E209E8322012DAD200A1372C /* AddVenueViewController.swift in Sources */ = {isa = PBXBuildFile; fileRef = E209E8312012DAD200A1372C /* AddVenueViewController.swift */; };
		E209E8342012DAEB00A1372C /* MapViewController.swift in Sources */ = {isa = PBXBuildFile; fileRef = E209E8332012DAEB00A1372C /* MapViewController.swift */; };
		E209E8362012DB0600A1372C /* SearchResultDetailViewController.swift in Sources */ = {isa = PBXBuildFile; fileRef = E209E8352012DB0600A1372C /* SearchResultDetailViewController.swift */; };
		E209E8382012DB2300A1372C /* SearchResultsTableViewController.swift in Sources */ = {isa = PBXBuildFile; fileRef = E209E8372012DB2300A1372C /* SearchResultsTableViewController.swift */; };
		E209E83A2012DB4000A1372C /* UserCreatedCollectionsViewController.swift in Sources */ = {isa = PBXBuildFile; fileRef = E209E8392012DB4000A1372C /* UserCreatedCollectionsViewController.swift */; };
		E209E83D2012DC6B00A1372C /* AddCollectionView.swift in Sources */ = {isa = PBXBuildFile; fileRef = E209E83C2012DC6B00A1372C /* AddCollectionView.swift */; };
		E209E83F2012DC7C00A1372C /* AddVenueView.swift in Sources */ = {isa = PBXBuildFile; fileRef = E209E83E2012DC7C00A1372C /* AddVenueView.swift */; };
		E209E8412012DC8F00A1372C /* MapView.swift in Sources */ = {isa = PBXBuildFile; fileRef = E209E8402012DC8F00A1372C /* MapView.swift */; };
		E209E8432012DC9E00A1372C /* SearchResultDetailView.swift in Sources */ = {isa = PBXBuildFile; fileRef = E209E8422012DC9E00A1372C /* SearchResultDetailView.swift */; };
		E209E8452012DCAC00A1372C /* SearchResultsTableView.swift in Sources */ = {isa = PBXBuildFile; fileRef = E209E8442012DCAC00A1372C /* SearchResultsTableView.swift */; };
		E209E8472012DCBA00A1372C /* UserCreatedCollectionsView.swift in Sources */ = {isa = PBXBuildFile; fileRef = E209E8462012DCBA00A1372C /* UserCreatedCollectionsView.swift */; };
		E209E84D2012DD6200A1372C /* VenueCollectionViewCell.swift in Sources */ = {isa = PBXBuildFile; fileRef = E209E84C2012DD6200A1372C /* VenueCollectionViewCell.swift */; };
		E209E84F2012DD7E00A1372C /* VenueTableViewCell.swift in Sources */ = {isa = PBXBuildFile; fileRef = E209E84E2012DD7E00A1372C /* VenueTableViewCell.swift */; };
		E22CE3C020166E1F0011F35C /* ModalSavedVenuesViewController.swift in Sources */ = {isa = PBXBuildFile; fileRef = E22CE3BF20166E1F0011F35C /* ModalSavedVenuesViewController.swift */; };
		E23BF38A2012B7B400278589 /* AppDelegate.swift in Sources */ = {isa = PBXBuildFile; fileRef = E23BF3892012B7B400278589 /* AppDelegate.swift */; };
		E23BF3912012B7B400278589 /* Assets.xcassets in Resources */ = {isa = PBXBuildFile; fileRef = E23BF3902012B7B400278589 /* Assets.xcassets */; };
		E23BF3942012B7B400278589 /* LaunchScreen.storyboard in Resources */ = {isa = PBXBuildFile; fileRef = E23BF3922012B7B400278589 /* LaunchScreen.storyboard */; };
		E2D509312012FE6400A0A269 /* LocationService.swift in Sources */ = {isa = PBXBuildFile; fileRef = E2D509302012FE6400A0A269 /* LocationService.swift */; };
		E2D509332012FE9E00A0A269 /* ImageAPIClient.swift in Sources */ = {isa = PBXBuildFile; fileRef = E2D509322012FE9E00A0A269 /* ImageAPIClient.swift */; };
		E2D509352012FED100A0A269 /* VenueImageAPIClient.swift in Sources */ = {isa = PBXBuildFile; fileRef = E2D509342012FED100A0A269 /* VenueImageAPIClient.swift */; };
		E2D509372012FF1600A0A269 /* VenueImage.swift in Sources */ = {isa = PBXBuildFile; fileRef = E2D509362012FF1600A0A269 /* VenueImage.swift */; };
/* End PBXBuildFile section */

/* Begin PBXFileReference section */
		402A2967B6C8A2ABE3D42100 /* Pods-DiscoverVenue.release.xcconfig */ = {isa = PBXFileReference; includeInIndex = 1; lastKnownFileType = text.xcconfig; name = "Pods-DiscoverVenue.release.xcconfig"; path = "Pods/Target Support Files/Pods-DiscoverVenue/Pods-DiscoverVenue.release.xcconfig"; sourceTree = "<group>"; };
		6420E9CFE56D0AC44E0D8D1A /* Pods_DiscoverVenue.framework */ = {isa = PBXFileReference; explicitFileType = wrapper.framework; includeInIndex = 0; path = Pods_DiscoverVenue.framework; sourceTree = BUILT_PRODUCTS_DIR; };
		6783B9B646B57D0D7CBCF9F3 /* Pods-DiscoverVenue.debug.xcconfig */ = {isa = PBXFileReference; includeInIndex = 1; lastKnownFileType = text.xcconfig; name = "Pods-DiscoverVenue.debug.xcconfig"; path = "Pods/Target Support Files/Pods-DiscoverVenue/Pods-DiscoverVenue.debug.xcconfig"; sourceTree = "<group>"; };
		DB2D234F2018EA900069BEDE /* UserDefaultsHelper.swift */ = {isa = PBXFileReference; fileEncoding = 4; lastKnownFileType = sourcecode.swift; path = UserDefaultsHelper.swift; sourceTree = "<group>"; };
		DB695DD7201928A60070F670 /* FileManagerHelper.swift */ = {isa = PBXFileReference; fileEncoding = 4; lastKnownFileType = sourcecode.swift; path = FileManagerHelper.swift; sourceTree = "<group>"; };
		DB695DD9201928B20070F670 /* VenuesCollections.swift */ = {isa = PBXFileReference; fileEncoding = 4; lastKnownFileType = sourcecode.swift; path = VenuesCollections.swift; sourceTree = "<group>"; };
		DB695DDB201929060070F670 /* LaunchScreen.swift */ = {isa = PBXFileReference; lastKnownFileType = sourcecode.swift; path = LaunchScreen.swift; sourceTree = "<group>"; };
		DB9FFD5A2013F7BC00769FCA /* CollectionsCustomCollectionViewCell.swift */ = {isa = PBXFileReference; lastKnownFileType = sourcecode.swift; path = CollectionsCustomCollectionViewCell.swift; sourceTree = "<group>"; };
		DBBDD479201690E900A8C886 /* ModalSavedVenuesView.swift */ = {isa = PBXFileReference; lastKnownFileType = sourcecode.swift; path = ModalSavedVenuesView.swift; sourceTree = "<group>"; };
		DBF5BAB6201A673100710086 /* NSCacheHelper.swift */ = {isa = PBXFileReference; fileEncoding = 4; lastKnownFileType = sourcecode.swift; path = NSCacheHelper.swift; sourceTree = "<group>"; };
		E209E8262012DA2E00A1372C /* NetworkHelper.swift */ = {isa = PBXFileReference; lastKnownFileType = sourcecode.swift; path = NetworkHelper.swift; sourceTree = "<group>"; };
		E209E8282012DA3A00A1372C /* VenueAPIClient.swift */ = {isa = PBXFileReference; lastKnownFileType = sourcecode.swift; path = VenueAPIClient.swift; sourceTree = "<group>"; };
		E209E82C2012DA7700A1372C /* Venue.swift */ = {isa = PBXFileReference; lastKnownFileType = sourcecode.swift; path = Venue.swift; sourceTree = "<group>"; };
		E209E82F2012DAB600A1372C /* AddCollectionViewController.swift */ = {isa = PBXFileReference; lastKnownFileType = sourcecode.swift; path = AddCollectionViewController.swift; sourceTree = "<group>"; };
		E209E8312012DAD200A1372C /* AddVenueViewController.swift */ = {isa = PBXFileReference; lastKnownFileType = sourcecode.swift; path = AddVenueViewController.swift; sourceTree = "<group>"; };
		E209E8332012DAEB00A1372C /* MapViewController.swift */ = {isa = PBXFileReference; lastKnownFileType = sourcecode.swift; path = MapViewController.swift; sourceTree = "<group>"; };
		E209E8352012DB0600A1372C /* SearchResultDetailViewController.swift */ = {isa = PBXFileReference; lastKnownFileType = sourcecode.swift; path = SearchResultDetailViewController.swift; sourceTree = "<group>"; };
		E209E8372012DB2300A1372C /* SearchResultsTableViewController.swift */ = {isa = PBXFileReference; lastKnownFileType = sourcecode.swift; path = SearchResultsTableViewController.swift; sourceTree = "<group>"; };
		E209E8392012DB4000A1372C /* UserCreatedCollectionsViewController.swift */ = {isa = PBXFileReference; lastKnownFileType = sourcecode.swift; path = UserCreatedCollectionsViewController.swift; sourceTree = "<group>"; };
		E209E83C2012DC6B00A1372C /* AddCollectionView.swift */ = {isa = PBXFileReference; lastKnownFileType = sourcecode.swift; path = AddCollectionView.swift; sourceTree = "<group>"; };
		E209E83E2012DC7C00A1372C /* AddVenueView.swift */ = {isa = PBXFileReference; lastKnownFileType = sourcecode.swift; path = AddVenueView.swift; sourceTree = "<group>"; };
		E209E8402012DC8F00A1372C /* MapView.swift */ = {isa = PBXFileReference; lastKnownFileType = sourcecode.swift; path = MapView.swift; sourceTree = "<group>"; };
		E209E8422012DC9E00A1372C /* SearchResultDetailView.swift */ = {isa = PBXFileReference; lastKnownFileType = sourcecode.swift; path = SearchResultDetailView.swift; sourceTree = "<group>"; };
		E209E8442012DCAC00A1372C /* SearchResultsTableView.swift */ = {isa = PBXFileReference; lastKnownFileType = sourcecode.swift; path = SearchResultsTableView.swift; sourceTree = "<group>"; };
		E209E8462012DCBA00A1372C /* UserCreatedCollectionsView.swift */ = {isa = PBXFileReference; lastKnownFileType = sourcecode.swift; path = UserCreatedCollectionsView.swift; sourceTree = "<group>"; };
		E209E84C2012DD6200A1372C /* VenueCollectionViewCell.swift */ = {isa = PBXFileReference; lastKnownFileType = sourcecode.swift; path = VenueCollectionViewCell.swift; sourceTree = "<group>"; };
		E209E84E2012DD7E00A1372C /* VenueTableViewCell.swift */ = {isa = PBXFileReference; lastKnownFileType = sourcecode.swift; path = VenueTableViewCell.swift; sourceTree = "<group>"; };
		E22CE3BF20166E1F0011F35C /* ModalSavedVenuesViewController.swift */ = {isa = PBXFileReference; lastKnownFileType = sourcecode.swift; path = ModalSavedVenuesViewController.swift; sourceTree = "<group>"; };
		E23BF3862012B7B400278589 /* DiscoverVenue.app */ = {isa = PBXFileReference; explicitFileType = wrapper.application; includeInIndex = 0; path = DiscoverVenue.app; sourceTree = BUILT_PRODUCTS_DIR; };
		E23BF3892012B7B400278589 /* AppDelegate.swift */ = {isa = PBXFileReference; lastKnownFileType = sourcecode.swift; path = AppDelegate.swift; sourceTree = "<group>"; };
		E23BF3902012B7B400278589 /* Assets.xcassets */ = {isa = PBXFileReference; lastKnownFileType = folder.assetcatalog; path = Assets.xcassets; sourceTree = "<group>"; };
		E23BF3932012B7B400278589 /* Base */ = {isa = PBXFileReference; lastKnownFileType = file.storyboard; name = Base; path = Base.lproj/LaunchScreen.storyboard; sourceTree = "<group>"; };
		E23BF3952012B7B400278589 /* Info.plist */ = {isa = PBXFileReference; lastKnownFileType = text.plist.xml; path = Info.plist; sourceTree = "<group>"; };
		E2D509302012FE6400A0A269 /* LocationService.swift */ = {isa = PBXFileReference; lastKnownFileType = sourcecode.swift; path = LocationService.swift; sourceTree = "<group>"; };
		E2D509322012FE9E00A0A269 /* ImageAPIClient.swift */ = {isa = PBXFileReference; lastKnownFileType = sourcecode.swift; path = ImageAPIClient.swift; sourceTree = "<group>"; };
		E2D509342012FED100A0A269 /* VenueImageAPIClient.swift */ = {isa = PBXFileReference; lastKnownFileType = sourcecode.swift; path = VenueImageAPIClient.swift; sourceTree = "<group>"; };
		E2D509362012FF1600A0A269 /* VenueImage.swift */ = {isa = PBXFileReference; lastKnownFileType = sourcecode.swift; path = VenueImage.swift; sourceTree = "<group>"; };
/* End PBXFileReference section */

/* Begin PBXFrameworksBuildPhase section */
		E23BF3832012B7B400278589 /* Frameworks */ = {
			isa = PBXFrameworksBuildPhase;
			buildActionMask = 2147483647;
			files = (
				1D8D907B00EF16E375F584E5 /* Pods_DiscoverVenue.framework in Frameworks */,
			);
			runOnlyForDeploymentPostprocessing = 0;
		};
/* End PBXFrameworksBuildPhase section */

/* Begin PBXGroup section */
		07A76B8D9B376AE41BEBEB94 /* Frameworks */ = {
			isa = PBXGroup;
			children = (
				6420E9CFE56D0AC44E0D8D1A /* Pods_DiscoverVenue.framework */,
			);
			name = Frameworks;
			sourceTree = "<group>";
		};
		4C2CF43A7A616AC83433F769 /* Pods */ = {
			isa = PBXGroup;
			children = (
				6783B9B646B57D0D7CBCF9F3 /* Pods-DiscoverVenue.debug.xcconfig */,
				402A2967B6C8A2ABE3D42100 /* Pods-DiscoverVenue.release.xcconfig */,
			);
			name = Pods;
			sourceTree = "<group>";
		};
		DBBDD47820168F4D00A8C886 /* Recovered References */ = {
			isa = PBXGroup;
			children = (
			);
			name = "Recovered References";
			sourceTree = "<group>";
		};
		E209E8252012D9FD00A1372C /* Services */ = {
			isa = PBXGroup;
			children = (
				DB2D234F2018EA900069BEDE /* UserDefaultsHelper.swift */,
				E209E8262012DA2E00A1372C /* NetworkHelper.swift */,
				DBF5BAB6201A673100710086 /* NSCacheHelper.swift */,
				DB695DD7201928A60070F670 /* FileManagerHelper.swift */,
				E2D509322012FE9E00A0A269 /* ImageAPIClient.swift */,
				E2D509342012FED100A0A269 /* VenueImageAPIClient.swift */,
				E2D509302012FE6400A0A269 /* LocationService.swift */,
				E209E8282012DA3A00A1372C /* VenueAPIClient.swift */,
			);
			path = Services;
			sourceTree = "<group>";
		};
		E209E82A2012DA5B00A1372C /* Models */ = {
			isa = PBXGroup;
			children = (
				E209E82C2012DA7700A1372C /* Venue.swift */,
				DB695DD9201928B20070F670 /* VenuesCollections.swift */,
				E2D509362012FF1600A0A269 /* VenueImage.swift */,
			);
			path = Models;
			sourceTree = "<group>";
		};
		E209E82E2012DA9500A1372C /* ViewControllers */ = {
			isa = PBXGroup;
			children = (
				E209E8352012DB0600A1372C /* SearchResultDetailViewController.swift */,
				E209E8332012DAEB00A1372C /* MapViewController.swift */,
				E209E8392012DB4000A1372C /* UserCreatedCollectionsViewController.swift */,
				E209E82F2012DAB600A1372C /* AddCollectionViewController.swift */,
				E22CE3BF20166E1F0011F35C /* ModalSavedVenuesViewController.swift */,
				E209E8312012DAD200A1372C /* AddVenueViewController.swift */,
				E209E8372012DB2300A1372C /* SearchResultsTableViewController.swift */,
			);
			path = ViewControllers;
			sourceTree = "<group>";
		};
		E209E83B2012DC5100A1372C /* Views */ = {
			isa = PBXGroup;
			children = (
				E209E83C2012DC6B00A1372C /* AddCollectionView.swift */,
				E209E83E2012DC7C00A1372C /* AddVenueView.swift */,
				E209E8402012DC8F00A1372C /* MapView.swift */,
				E209E8422012DC9E00A1372C /* SearchResultDetailView.swift */,
				DB9FFD5A2013F7BC00769FCA /* CollectionsCustomCollectionViewCell.swift */,
				E209E8442012DCAC00A1372C /* SearchResultsTableView.swift */,
				E209E8462012DCBA00A1372C /* UserCreatedCollectionsView.swift */,
				E209E84E2012DD7E00A1372C /* VenueTableViewCell.swift */,
				DB695DDB201929060070F670 /* LaunchScreen.swift */,
				E209E84C2012DD6200A1372C /* VenueCollectionViewCell.swift */,
				DBBDD479201690E900A8C886 /* ModalSavedVenuesView.swift */,
			);
			path = Views;
			sourceTree = "<group>";
		};
		E23BF37D2012B7B400278589 = {
			isa = PBXGroup;
			children = (
				E23BF3882012B7B400278589 /* DiscoverVenue */,
				E23BF3872012B7B400278589 /* Products */,
				4C2CF43A7A616AC83433F769 /* Pods */,
				07A76B8D9B376AE41BEBEB94 /* Frameworks */,
				DBBDD47820168F4D00A8C886 /* Recovered References */,
			);
			sourceTree = "<group>";
		};
		E23BF3872012B7B400278589 /* Products */ = {
			isa = PBXGroup;
			children = (
				E23BF3862012B7B400278589 /* DiscoverVenue.app */,
			);
			name = Products;
			sourceTree = "<group>";
		};
		E23BF3882012B7B400278589 /* DiscoverVenue */ = {
			isa = PBXGroup;
			children = (
				E209E83B2012DC5100A1372C /* Views */,
				E209E82E2012DA9500A1372C /* ViewControllers */,
				E209E82A2012DA5B00A1372C /* Models */,
				E209E8252012D9FD00A1372C /* Services */,
				E23BF39B2012B7CA00278589 /* Supporting Files */,
				E23BF3952012B7B400278589 /* Info.plist */,
			);
			path = DiscoverVenue;
			sourceTree = "<group>";
		};
		E23BF39B2012B7CA00278589 /* Supporting Files */ = {
			isa = PBXGroup;
			children = (
				E23BF3892012B7B400278589 /* AppDelegate.swift */,
				E23BF3902012B7B400278589 /* Assets.xcassets */,
				E23BF3922012B7B400278589 /* LaunchScreen.storyboard */,
			);
			path = "Supporting Files";
			sourceTree = "<group>";
		};
/* End PBXGroup section */

/* Begin PBXNativeTarget section */
		E23BF3852012B7B400278589 /* DiscoverVenue */ = {
			isa = PBXNativeTarget;
			buildConfigurationList = E23BF3982012B7B400278589 /* Build configuration list for PBXNativeTarget "DiscoverVenue" */;
			buildPhases = (
				E3494DAE4E4C109E016CA05B /* [CP] Check Pods Manifest.lock */,
				E23BF3822012B7B400278589 /* Sources */,
				E23BF3832012B7B400278589 /* Frameworks */,
				E23BF3842012B7B400278589 /* Resources */,
				C8E452EE5F97D3F95D89A460 /* [CP] Embed Pods Frameworks */,
				7551DCBF738F20B5C5939CEE /* [CP] Copy Pods Resources */,
			);
			buildRules = (
			);
			dependencies = (
			);
			name = DiscoverVenue;
			productName = DiscoverVenue;
			productReference = E23BF3862012B7B400278589 /* DiscoverVenue.app */;
			productType = "com.apple.product-type.application";
		};
/* End PBXNativeTarget section */

/* Begin PBXProject section */
		E23BF37E2012B7B400278589 /* Project object */ = {
			isa = PBXProject;
			attributes = {
				LastSwiftUpdateCheck = 0920;
				LastUpgradeCheck = 0920;
				ORGANIZATIONNAME = "Luis Calle";
				TargetAttributes = {
					E23BF3852012B7B400278589 = {
						CreatedOnToolsVersion = 9.2;
						ProvisioningStyle = Automatic;
					};
				};
			};
			buildConfigurationList = E23BF3812012B7B400278589 /* Build configuration list for PBXProject "DiscoverVenue" */;
			compatibilityVersion = "Xcode 8.0";
			developmentRegion = en;
			hasScannedForEncodings = 0;
			knownRegions = (
				en,
				Base,
			);
			mainGroup = E23BF37D2012B7B400278589;
			productRefGroup = E23BF3872012B7B400278589 /* Products */;
			projectDirPath = "";
			projectRoot = "";
			targets = (
				E23BF3852012B7B400278589 /* DiscoverVenue */,
			);
		};
/* End PBXProject section */

/* Begin PBXResourcesBuildPhase section */
		E23BF3842012B7B400278589 /* Resources */ = {
			isa = PBXResourcesBuildPhase;
			buildActionMask = 2147483647;
			files = (
				E23BF3942012B7B400278589 /* LaunchScreen.storyboard in Resources */,
				E23BF3912012B7B400278589 /* Assets.xcassets in Resources */,
			);
			runOnlyForDeploymentPostprocessing = 0;
		};
/* End PBXResourcesBuildPhase section */

/* Begin PBXShellScriptBuildPhase section */
		7551DCBF738F20B5C5939CEE /* [CP] Copy Pods Resources */ = {
			isa = PBXShellScriptBuildPhase;
			buildActionMask = 2147483647;
			files = (
			);
			inputPaths = (
			);
			name = "[CP] Copy Pods Resources";
			outputPaths = (
			);
			runOnlyForDeploymentPostprocessing = 0;
			shellPath = /bin/sh;
			shellScript = "\"${SRCROOT}/Pods/Target Support Files/Pods-DiscoverVenue/Pods-DiscoverVenue-resources.sh\"\n";
			showEnvVarsInLog = 0;
		};
		C8E452EE5F97D3F95D89A460 /* [CP] Embed Pods Frameworks */ = {
			isa = PBXShellScriptBuildPhase;
			buildActionMask = 2147483647;
			files = (
			);
			inputPaths = (
				"${SRCROOT}/Pods/Target Support Files/Pods-DiscoverVenue/Pods-DiscoverVenue-frameworks.sh",
				"${BUILT_PRODUCTS_DIR}/Alamofire/Alamofire.framework",
				"${BUILT_PRODUCTS_DIR}/Kingfisher/Kingfisher.framework",
				"${BUILT_PRODUCTS_DIR}/SnapKit/SnapKit.framework",
			);
			name = "[CP] Embed Pods Frameworks";
			outputPaths = (
				"${TARGET_BUILD_DIR}/${FRAMEWORKS_FOLDER_PATH}/Alamofire.framework",
				"${TARGET_BUILD_DIR}/${FRAMEWORKS_FOLDER_PATH}/Kingfisher.framework",
				"${TARGET_BUILD_DIR}/${FRAMEWORKS_FOLDER_PATH}/SnapKit.framework",
			);
			runOnlyForDeploymentPostprocessing = 0;
			shellPath = /bin/sh;
			shellScript = "\"${SRCROOT}/Pods/Target Support Files/Pods-DiscoverVenue/Pods-DiscoverVenue-frameworks.sh\"\n";
			showEnvVarsInLog = 0;
		};
		E3494DAE4E4C109E016CA05B /* [CP] Check Pods Manifest.lock */ = {
			isa = PBXShellScriptBuildPhase;
			buildActionMask = 2147483647;
			files = (
			);
			inputPaths = (
				"${PODS_PODFILE_DIR_PATH}/Podfile.lock",
				"${PODS_ROOT}/Manifest.lock",
			);
			name = "[CP] Check Pods Manifest.lock";
			outputPaths = (
				"$(DERIVED_FILE_DIR)/Pods-DiscoverVenue-checkManifestLockResult.txt",
			);
			runOnlyForDeploymentPostprocessing = 0;
			shellPath = /bin/sh;
			shellScript = "diff \"${PODS_PODFILE_DIR_PATH}/Podfile.lock\" \"${PODS_ROOT}/Manifest.lock\" > /dev/null\nif [ $? != 0 ] ; then\n    # print error to STDERR\n    echo \"error: The sandbox is not in sync with the Podfile.lock. Run 'pod install' or update your CocoaPods installation.\" >&2\n    exit 1\nfi\n# This output is used by Xcode 'outputs' to avoid re-running this script phase.\necho \"SUCCESS\" > \"${SCRIPT_OUTPUT_FILE_0}\"\n";
			showEnvVarsInLog = 0;
		};
/* End PBXShellScriptBuildPhase section */

/* Begin PBXSourcesBuildPhase section */
		E23BF3822012B7B400278589 /* Sources */ = {
			isa = PBXSourcesBuildPhase;
			buildActionMask = 2147483647;
			files = (
				E209E83F2012DC7C00A1372C /* AddVenueView.swift in Sources */,
				E209E8362012DB0600A1372C /* SearchResultDetailViewController.swift in Sources */,
				E209E8432012DC9E00A1372C /* SearchResultDetailView.swift in Sources */,
				E2D509332012FE9E00A0A269 /* ImageAPIClient.swift in Sources */,
				E209E84F2012DD7E00A1372C /* VenueTableViewCell.swift in Sources */,
				E209E8452012DCAC00A1372C /* SearchResultsTableView.swift in Sources */,
				E209E8322012DAD200A1372C /* AddVenueViewController.swift in Sources */,
				E2D509312012FE6400A0A269 /* LocationService.swift in Sources */,
				DBBDD47A201690E900A8C886 /* ModalSavedVenuesView.swift in Sources */,
				E209E83D2012DC6B00A1372C /* AddCollectionView.swift in Sources */,
				E2D509372012FF1600A0A269 /* VenueImage.swift in Sources */,
				DB695DDA201928B20070F670 /* VenuesCollections.swift in Sources */,
				E209E8412012DC8F00A1372C /* MapView.swift in Sources */,
				E209E8272012DA2E00A1372C /* NetworkHelper.swift in Sources */,
				E2D509352012FED100A0A269 /* VenueImageAPIClient.swift in Sources */,
				DB2D23512018EAAE0069BEDE /* UserDefaultsHelper.swift in Sources */,
				DB9FFD5B2013F7BC00769FCA /* CollectionsCustomCollectionViewCell.swift in Sources */,
				E209E8472012DCBA00A1372C /* UserCreatedCollectionsView.swift in Sources */,
				E209E82D2012DA7700A1372C /* Venue.swift in Sources */,
				E209E8302012DAB600A1372C /* AddCollectionViewController.swift in Sources */,
				E209E8382012DB2300A1372C /* SearchResultsTableViewController.swift in Sources */,
				E209E83A2012DB4000A1372C /* UserCreatedCollectionsViewController.swift in Sources */,
				E209E8292012DA3A00A1372C /* VenueAPIClient.swift in Sources */,
				DBF5BAB7201A673200710086 /* NSCacheHelper.swift in Sources */,
				E23BF38A2012B7B400278589 /* AppDelegate.swift in Sources */,
				DB695DDC201929060070F670 /* LaunchScreen.swift in Sources */,
				E22CE3C020166E1F0011F35C /* ModalSavedVenuesViewController.swift in Sources */,
				E209E8342012DAEB00A1372C /* MapViewController.swift in Sources */,
				E209E84D2012DD6200A1372C /* VenueCollectionViewCell.swift in Sources */,
				DB695DD8201928A60070F670 /* FileManagerHelper.swift in Sources */,
			);
			runOnlyForDeploymentPostprocessing = 0;
		};
/* End PBXSourcesBuildPhase section */

/* Begin PBXVariantGroup section */
		E23BF3922012B7B400278589 /* LaunchScreen.storyboard */ = {
			isa = PBXVariantGroup;
			children = (
				E23BF3932012B7B400278589 /* Base */,
			);
			name = LaunchScreen.storyboard;
			sourceTree = "<group>";
		};
/* End PBXVariantGroup section */

/* Begin XCBuildConfiguration section */
		E23BF3962012B7B400278589 /* Debug */ = {
			isa = XCBuildConfiguration;
			buildSettings = {
				ALWAYS_SEARCH_USER_PATHS = NO;
				CLANG_ANALYZER_NONNULL = YES;
				CLANG_ANALYZER_NUMBER_OBJECT_CONVERSION = YES_AGGRESSIVE;
				CLANG_CXX_LANGUAGE_STANDARD = "gnu++14";
				CLANG_CXX_LIBRARY = "libc++";
				CLANG_ENABLE_MODULES = YES;
				CLANG_ENABLE_OBJC_ARC = YES;
				CLANG_WARN_BLOCK_CAPTURE_AUTORELEASING = YES;
				CLANG_WARN_BOOL_CONVERSION = YES;
				CLANG_WARN_COMMA = YES;
				CLANG_WARN_CONSTANT_CONVERSION = YES;
				CLANG_WARN_DIRECT_OBJC_ISA_USAGE = YES_ERROR;
				CLANG_WARN_DOCUMENTATION_COMMENTS = YES;
				CLANG_WARN_EMPTY_BODY = YES;
				CLANG_WARN_ENUM_CONVERSION = YES;
				CLANG_WARN_INFINITE_RECURSION = YES;
				CLANG_WARN_INT_CONVERSION = YES;
				CLANG_WARN_NON_LITERAL_NULL_CONVERSION = YES;
				CLANG_WARN_OBJC_LITERAL_CONVERSION = YES;
				CLANG_WARN_OBJC_ROOT_CLASS = YES_ERROR;
				CLANG_WARN_RANGE_LOOP_ANALYSIS = YES;
				CLANG_WARN_STRICT_PROTOTYPES = YES;
				CLANG_WARN_SUSPICIOUS_MOVE = YES;
				CLANG_WARN_UNGUARDED_AVAILABILITY = YES_AGGRESSIVE;
				CLANG_WARN_UNREACHABLE_CODE = YES;
				CLANG_WARN__DUPLICATE_METHOD_MATCH = YES;
				CODE_SIGN_IDENTITY = "iPhone Developer";
				COPY_PHASE_STRIP = NO;
				DEBUG_INFORMATION_FORMAT = dwarf;
				ENABLE_STRICT_OBJC_MSGSEND = YES;
				ENABLE_TESTABILITY = YES;
				GCC_C_LANGUAGE_STANDARD = gnu11;
				GCC_DYNAMIC_NO_PIC = NO;
				GCC_NO_COMMON_BLOCKS = YES;
				GCC_OPTIMIZATION_LEVEL = 0;
				GCC_PREPROCESSOR_DEFINITIONS = (
					"DEBUG=1",
					"$(inherited)",
				);
				GCC_WARN_64_TO_32_BIT_CONVERSION = YES;
				GCC_WARN_ABOUT_RETURN_TYPE = YES_ERROR;
				GCC_WARN_UNDECLARED_SELECTOR = YES;
				GCC_WARN_UNINITIALIZED_AUTOS = YES_AGGRESSIVE;
				GCC_WARN_UNUSED_FUNCTION = YES;
				GCC_WARN_UNUSED_VARIABLE = YES;
				IPHONEOS_DEPLOYMENT_TARGET = 11.2;
				MTL_ENABLE_DEBUG_INFO = YES;
				ONLY_ACTIVE_ARCH = YES;
				SDKROOT = iphoneos;
				SWIFT_ACTIVE_COMPILATION_CONDITIONS = DEBUG;
				SWIFT_OPTIMIZATION_LEVEL = "-Onone";
			};
			name = Debug;
		};
		E23BF3972012B7B400278589 /* Release */ = {
			isa = XCBuildConfiguration;
			buildSettings = {
				ALWAYS_SEARCH_USER_PATHS = NO;
				CLANG_ANALYZER_NONNULL = YES;
				CLANG_ANALYZER_NUMBER_OBJECT_CONVERSION = YES_AGGRESSIVE;
				CLANG_CXX_LANGUAGE_STANDARD = "gnu++14";
				CLANG_CXX_LIBRARY = "libc++";
				CLANG_ENABLE_MODULES = YES;
				CLANG_ENABLE_OBJC_ARC = YES;
				CLANG_WARN_BLOCK_CAPTURE_AUTORELEASING = YES;
				CLANG_WARN_BOOL_CONVERSION = YES;
				CLANG_WARN_COMMA = YES;
				CLANG_WARN_CONSTANT_CONVERSION = YES;
				CLANG_WARN_DIRECT_OBJC_ISA_USAGE = YES_ERROR;
				CLANG_WARN_DOCUMENTATION_COMMENTS = YES;
				CLANG_WARN_EMPTY_BODY = YES;
				CLANG_WARN_ENUM_CONVERSION = YES;
				CLANG_WARN_INFINITE_RECURSION = YES;
				CLANG_WARN_INT_CONVERSION = YES;
				CLANG_WARN_NON_LITERAL_NULL_CONVERSION = YES;
				CLANG_WARN_OBJC_LITERAL_CONVERSION = YES;
				CLANG_WARN_OBJC_ROOT_CLASS = YES_ERROR;
				CLANG_WARN_RANGE_LOOP_ANALYSIS = YES;
				CLANG_WARN_STRICT_PROTOTYPES = YES;
				CLANG_WARN_SUSPICIOUS_MOVE = YES;
				CLANG_WARN_UNGUARDED_AVAILABILITY = YES_AGGRESSIVE;
				CLANG_WARN_UNREACHABLE_CODE = YES;
				CLANG_WARN__DUPLICATE_METHOD_MATCH = YES;
				CODE_SIGN_IDENTITY = "iPhone Developer";
				COPY_PHASE_STRIP = NO;
				DEBUG_INFORMATION_FORMAT = "dwarf-with-dsym";
				ENABLE_NS_ASSERTIONS = NO;
				ENABLE_STRICT_OBJC_MSGSEND = YES;
				GCC_C_LANGUAGE_STANDARD = gnu11;
				GCC_NO_COMMON_BLOCKS = YES;
				GCC_WARN_64_TO_32_BIT_CONVERSION = YES;
				GCC_WARN_ABOUT_RETURN_TYPE = YES_ERROR;
				GCC_WARN_UNDECLARED_SELECTOR = YES;
				GCC_WARN_UNINITIALIZED_AUTOS = YES_AGGRESSIVE;
				GCC_WARN_UNUSED_FUNCTION = YES;
				GCC_WARN_UNUSED_VARIABLE = YES;
				IPHONEOS_DEPLOYMENT_TARGET = 11.2;
				MTL_ENABLE_DEBUG_INFO = NO;
				SDKROOT = iphoneos;
				SWIFT_OPTIMIZATION_LEVEL = "-Owholemodule";
				VALIDATE_PRODUCT = YES;
			};
			name = Release;
		};
		E23BF3992012B7B400278589 /* Debug */ = {
			isa = XCBuildConfiguration;
			baseConfigurationReference = 6783B9B646B57D0D7CBCF9F3 /* Pods-DiscoverVenue.debug.xcconfig */;
			buildSettings = {
				ASSETCATALOG_COMPILER_APPICON_NAME = AppIcon;
				CODE_SIGN_STYLE = Automatic;
				DEVELOPMENT_TEAM = "";
				INFOPLIST_FILE = DiscoverVenue/Info.plist;
				IPHONEOS_DEPLOYMENT_TARGET = 11.0;
				LD_RUNPATH_SEARCH_PATHS = "$(inherited) @executable_path/Frameworks";
				PRODUCT_BUNDLE_IDENTIFIER = Lucho.DiscoverVenue;
				PRODUCT_NAME = "$(TARGET_NAME)";
				SWIFT_VERSION = 4.0;
				TARGETED_DEVICE_FAMILY = "1,2";
			};
			name = Debug;
		};
		E23BF39A2012B7B400278589 /* Release */ = {
			isa = XCBuildConfiguration;
			baseConfigurationReference = 402A2967B6C8A2ABE3D42100 /* Pods-DiscoverVenue.release.xcconfig */;
			buildSettings = {
				ASSETCATALOG_COMPILER_APPICON_NAME = AppIcon;
				CODE_SIGN_STYLE = Automatic;
				DEVELOPMENT_TEAM = "";
				INFOPLIST_FILE = DiscoverVenue/Info.plist;
				IPHONEOS_DEPLOYMENT_TARGET = 11.0;
				LD_RUNPATH_SEARCH_PATHS = "$(inherited) @executable_path/Frameworks";
				PRODUCT_BUNDLE_IDENTIFIER = Lucho.DiscoverVenue;
				PRODUCT_NAME = "$(TARGET_NAME)";
				SWIFT_VERSION = 4.0;
				TARGETED_DEVICE_FAMILY = "1,2";
			};
			name = Release;
		};
/* End XCBuildConfiguration section */

/* Begin XCConfigurationList section */
		E23BF3812012B7B400278589 /* Build configuration list for PBXProject "DiscoverVenue" */ = {
			isa = XCConfigurationList;
			buildConfigurations = (
				E23BF3962012B7B400278589 /* Debug */,
				E23BF3972012B7B400278589 /* Release */,
			);
			defaultConfigurationIsVisible = 0;
			defaultConfigurationName = Release;
		};
		E23BF3982012B7B400278589 /* Build configuration list for PBXNativeTarget "DiscoverVenue" */ = {
			isa = XCConfigurationList;
			buildConfigurations = (
				E23BF3992012B7B400278589 /* Debug */,
				E23BF39A2012B7B400278589 /* Release */,
			);
			defaultConfigurationIsVisible = 0;
			defaultConfigurationName = Release;
		};
/* End XCConfigurationList section */
	};
	rootObject = E23BF37E2012B7B400278589 /* Project object */;
}
